Microsoft Visual Studio Solution File, Format Version 11.00
# Visual Studio 2008

Project("{90A52136-D20C-D04C-B88D-3AC52AA4C622}") = "Fitts Law", "Assembly-CSharp.csproj", "{7FA2F18C-811B-A9DE-02E8-54B87BB0D6C5}"
EndProject
Global
	GlobalSection(SolutionConfigurationPlatforms) = preSolution
		Debug|Any CPU = Debug|Any CPU
		Release|Any CPU = Release|Any CPU
	EndGlobalSection
	GlobalSection(ProjectConfigurationPlatforms) = postSolution
		{7FA2F18C-811B-A9DE-02E8-54B87BB0D6C5}.Debug|Any CPU.ActiveCfg = Debug|Any CPU
		{7FA2F18C-811B-A9DE-02E8-54B87BB0D6C5}.Debug|Any CPU.Build.0 = Debug|Any CPU
		{7FA2F18C-811B-A9DE-02E8-54B87BB0D6C5}.Release|Any CPU.ActiveCfg = Release|Any CPU
		{7FA2F18C-811B-A9DE-02E8-54B87BB0D6C5}.Release|Any CPU.Build.0 = Release|Any CPU
	EndGlobalSection
	GlobalSection(SolutionProperties) = preSolution
		HideSolutionNode = FALSE
	EndGlobalSection
	GlobalSection(MonoDevelopProperties) = preSolution
		StartupItem = Assembly-CSharp.csproj
	EndGlobalSection
EndGlobal
